{
  "name": "aurora-library",
  "version": "1.0.0",
  "lockfileVersion": 2,
  "requires": true,
  "packages": {
    "": {
      "name": "aurora-library",
      "version": "1.0.0",
      "dependencies": {
        "@types/parse5": "^6.0.3",
        "parse5": "^6.0.1"
      },
      "engines": {
        "node": ">=17"
      }
    },
    "node_modules/@types/parse5": {
      "version": "6.0.3",
      "resolved": "https://registry.npmjs.org/@types/parse5/-/parse5-6.0.3.tgz",
      "integrity": "sha512-SuT16Q1K51EAVPz1K29DJ/sXjhSQ0zjvsypYJ6tlwVsRV9jwW5Adq2ch8Dq8kDBCkYnELS7N7VNCSB5nC56t/g=="
    },
    "node_modules/parse5": {
      "version": "6.0.1",
      "resolved": "https://registry.npmjs.org/parse5/-/parse5-6.0.1.tgz",
      "integrity": "sha512-Ofn/CTFzRGTTxwpNEs9PP93gXShHcTq255nzRYSKe8AkVpZY7e1fpmTfOyoIvjP5HG7Z2ZM7VS9PPhQGW2pOpw=="
    }
  },
  "dependencies": {
    "@types/parse5": {
      "version": "6.0.3",
      "resolved": "https://registry.npmjs.org/@types/parse5/-/parse5-6.0.3.tgz",
      "integrity": "sha512-SuT16Q1K51EAVPz1K29DJ/sXjhSQ0zjvsypYJ6tlwVsRV9jwW5Adq2ch8Dq8kDBCkYnELS7N7VNCSB5nC56t/g=="
    },
    "parse5": {
      "version": "6.0.1",
      "resolved": "https://registry.npmjs.org/parse5/-/parse5-6.0.1.tgz",
      "integrity": "sha512-Ofn/CTFzRGTTxwpNEs9PP93gXShHcTq255nzRYSKe8AkVpZY7e1fpmTfOyoIvjP5HG7Z2ZM7VS9PPhQGW2pOpw=="
    }
  }
}
